{
  "nodes": {
    "nixpkgs": {
      "inputs": {
        "nixpkgs": "nixpkgs_2"
      },
      "locked": {
        "lastModified": 1736901303,
        "narHash": "sha256-9U+CQjaMOLsEMRZcxHec/Fs2hMczfuwf4SRI2hRC6Aw=",
        "owner": "ashahir05",
        "repo": "nixpkgs",
        "rev": "6f74ec0f72782892a6dad1e3bcca954b3c54f939",
        "type": "github"
      },
      "original": {
        "owner": "ashahir05",
        "ref": "unfree",
        "repo": "nixpkgs",
        "type": "github"
      }
    },
    "nixpkgs_2": {
      "locked": {
        "lastModified": 1736848588,
        "narHash": "sha256-9B6fQqphF3j9lpcxQnKyIUgp3NyGi7ikb9CjCYqixcY=",
        "owner": "NixOS",
        "repo": "nixpkgs",
        "rev": "357cd3dfdb8993af11268d755d53357720675e66",
        "type": "github"
      },
      "original": {
        "owner": "NixOS",
        "ref": "nixpkgs-unstable",
        "repo": "nixpkgs",
        "type": "github"
      }
    },
    "root": {
      "inputs": {
        "nixpkgs": "nixpkgs"
      }
    }
  },
  "root": "root",
  "version": 7
}
