{
  "nodes": {
    "nixpkgs": {
      "inputs": {
        "nixpkgs": "nixpkgs_2"
      },
      "locked": {
        "lastModified": 1760920973,
        "narHash": "sha256-6zf9ZTmSy/yWNq467Ir1qDoXmGD9P60mgFh5EoKAPow=",
        "owner": "ashahir05",
        "repo": "nixpkgs",
        "rev": "3d18f1bc3bd7287caff74d9a9428f87c9db571a0",
        "type": "github"
      },
      "original": {
        "owner": "ashahir05",
        "ref": "unfree",
        "repo": "nixpkgs",
        "type": "github"
      }
    },
    "nixpkgs_2": {
      "locked": {
        "lastModified": 1760872779,
        "narHash": "sha256-c5C907Raf9eY8f1NUXYeju9aUDlm227s/V0OptEbypA=",
        "owner": "NixOS",
        "repo": "nixpkgs",
        "rev": "63bdb5d90fa2fa11c42f9716ad1e23565613b07c",
        "type": "github"
      },
      "original": {
        "owner": "NixOS",
        "ref": "nixpkgs-unstable",
        "repo": "nixpkgs",
        "type": "github"
      }
    },
    "root": {
      "inputs": {
        "nixpkgs": "nixpkgs"
      }
    }
  },
  "root": "root",
  "version": 7
}
