{
  "nodes": {
    "nixpkgs": {
      "inputs": {
        "nixpkgs": "nixpkgs_2"
      },
      "locked": {
        "lastModified": 1787185539,
        "narHash": "sha256-NAyZv7lV6l9nuOm+czXUKr4oeC34t97rkga4sOyucxQ=",
        "owner": "ashahir05",
        "repo": "nixpkgs",
        "rev": "ca4a050a5092ca8f9eaedbf8076a30615900d611",
        "type": "github"
      },
      "original": {
        "owner": "ashahir05",
        "ref": "unfree",
        "repo": "nixpkgs",
        "type": "github"
      }
    },
    "nixpkgs_2": {
      "locked": {
        "lastModified": 1787111413,
        "narHash": "sha256-sFosWtq21eHGJRnTc/hvf4M1obRgLEUMNm/IzllkHMA=",
        "owner": "NixOS",
        "repo": "nixpkgs",
        "rev": "afe3d8ac4395617bdcdac9f188ac8717a062e014",
        "type": "github"
      },
      "original": {
        "owner": "NixOS",
        "ref": "nixpkgs-unstable",
        "repo": "nixpkgs",
        "type": "github"
      }
    },
    "root": {
      "inputs": {
        "nixpkgs": "nixpkgs"
      }
    }
  },
  "root": "root",
  "version": 7
}
